{
  "name": "quiz-web",
  "lockfileVersion": 3,
  "requires": true,
  "packages": {}
}
{
  "name": "personal-portfolio",
  "version": "1.0.0",
  "description": "",
  "main": "index.js",
  "scripts": {
    "start": "node your-script.js",
    "test": "echo \"Error: no test specified\" && exit 1"
  },
  "repository": {
    "type": "git",
    "url": "git+https://github.com/LengvarskyJ/personal-portfolio.git"
  },
  "author": "",
  "license": "ISC",
  "bugs": {
    "url": "https://github.com/LengvarskyJ/personal-portfolio/issues"
  },
  "homepage": "https://github.com/LengvarskyJ/personal-portfolio#readme"
}